id: xfdm_sync_sync_tag_align_cc
label: Tag align
category: "[xfdm_sync]"

templates:
  imports: import xfdm_sync
  make: xfdm_sync.sync_tag_align_cc(${num_inputs}, ${tag_key})

#  Make one 'parameters' list entry for every parameter you want settable from the GUI.
#     Keys include:
#     * id (makes the value accessible as keyname, e.g. in the make entry)
#     * label (label shown in the GUI)
#     * dtype (e.g. int, float, complex, byte, short, xxx_vector, ...)
parameters:
  - id: num_inputs
    label: In/Out port count
    dtype: int
    default: 2
  - id: tag_key
    label: Tag key
    dtype: string
    default: "foo"

asserts:
  - ${ num_inputs > 0 }
#  Make one 'inputs' list entry per input and one 'outputs' list entry per output.
#  Keys include:
#      * label (an identifier for the GUI)
#      * domain (optional - stream or message. Default is stream)
#      * dtype (e.g. int, float, complex, byte, short, xxx_vector, ...)
#      * vlen (optional - data stream vector length. Default is 1)
#      * optional (optional - set to 1 for optional inputs. Default is 0)
inputs:
  - domain: stream
    dtype: complex
    multiplicity: ${ num_inputs }

outputs:
  - domain: stream
    dtype: complex
    multiplicity: ${ num_inputs }

#  'file_format' specifies the version of the GRC yml format used in the file
#  and should usually not be changed.
file_format: 1
